
Microsoft Visual Studio Solution File, Format Version 12.00
# Visual Studio Version 16
VisualStudioVersion = 16.0.31729.503
MinimumVisualStudioVersion = 10.0.40219.1
Project("{FAE04EC0-301F-11D3-BF4B-00C04F79EFBC}") = "Гороскоп", "Гороскоп\Гороскоп.csproj", "{F6979EF7-1593-4FC6-869D-1B401FB9E2AA}"
EndProject
Global
	GlobalSection(SolutionConfigurationPlatforms) = preSolution
		Debug|Any CPU = Debug|Any CPU
		Release|Any CPU = Release|Any CPU
	EndGlobalSection
	GlobalSection(ProjectConfigurationPlatforms) = postSolution
		{F6979EF7-1593-4FC6-869D-1B401FB9E2AA}.Debug|Any CPU.ActiveCfg = Debug|Any CPU
		{F6979EF7-1593-4FC6-869D-1B401FB9E2AA}.Debug|Any CPU.Build.0 = Debug|Any CPU
		{F6979EF7-1593-4FC6-869D-1B401FB9E2AA}.Release|Any CPU.ActiveCfg = Release|Any CPU
		{F6979EF7-1593-4FC6-869D-1B401FB9E2AA}.Release|Any CPU.Build.0 = Release|Any CPU
	EndGlobalSection
	GlobalSection(SolutionProperties) = preSolution
		HideSolutionNode = FALSE
	EndGlobalSection
	GlobalSection(ExtensibilityGlobals) = postSolution
		SolutionGuid = {CFBA3D3A-E20C-49DD-A992-68A32BCCC9B8}
	EndGlobalSection
EndGlobal
